// !$*UTF8*$!
{
	archiveVersion = 1;
	classes = {
	};
	objectVersion = 46;
	objects = {

/* Begin PBXBuildFile section */
		B22DD3A31AFD3FD4000B642B /* Calculatrix.swift in Sources */ = {isa = PBXBuildFile; fileRef = B22DD3A21AFD3FD4000B642B /* Calculatrix.swift */; };
		CE0B454E1B0EA558002ACC0E /* Cartesiano.swift in Sources */ = {isa = PBXBuildFile; fileRef = CE0B454D1B0EA558002ACC0E /* Cartesiano.swift */; };
		CE5889FE1B0EA85A00FB1DC4 /* Graphic.swift in Sources */ = {isa = PBXBuildFile; fileRef = CE5889FD1B0EA85A00FB1DC4 /* Graphic.swift */; };
		CE588A001B0EA89600FB1DC4 /* GraphicControl.swift in Sources */ = {isa = PBXBuildFile; fileRef = CE5889FF1B0EA89600FB1DC4 /* GraphicControl.swift */; };
		CEA0D6931AD8EBA1005BF06F /* AppDelegate.swift in Sources */ = {isa = PBXBuildFile; fileRef = CEA0D6921AD8EBA1005BF06F /* AppDelegate.swift */; };
		CEA0D6951AD8EBA1005BF06F /* ViewController.swift in Sources */ = {isa = PBXBuildFile; fileRef = CEA0D6941AD8EBA1005BF06F /* ViewController.swift */; };
		CEA0D6981AD8EBA1005BF06F /* Main.storyboard in Resources */ = {isa = PBXBuildFile; fileRef = CEA0D6961AD8EBA1005BF06F /* Main.storyboard */; };
		CEA0D69A1AD8EBA1005BF06F /* Images.xcassets in Resources */ = {isa = PBXBuildFile; fileRef = CEA0D6991AD8EBA1005BF06F /* Images.xcassets */; };
		CEA0D69D1AD8EBA1005BF06F /* LaunchScreen.xib in Resources */ = {isa = PBXBuildFile; fileRef = CEA0D69B1AD8EBA1005BF06F /* LaunchScreen.xib */; };
		CEA0D6A91AD8EBA1005BF06F /* CalculatrixTests.swift in Sources */ = {isa = PBXBuildFile; fileRef = CEA0D6A81AD8EBA1005BF06F /* CalculatrixTests.swift */; };
/* End PBXBuildFile section */

/* Begin PBXContainerItemProxy section */
		CEA0D6A31AD8EBA1005BF06F /* PBXContainerItemProxy */ = {
			isa = PBXContainerItemProxy;
			containerPortal = CEA0D6851AD8EBA1005BF06F /* Project object */;
			proxyType = 1;
			remoteGlobalIDString = CEA0D68C1AD8EBA1005BF06F;
			remoteInfo = Calculatrix;
		};
/* End PBXContainerItemProxy section */

/* Begin PBXFileReference section */
		B22DD3A21AFD3FD4000B642B /* Calculatrix.swift */ = {isa = PBXFileReference; fileEncoding = 4; lastKnownFileType = sourcecode.swift; lineEnding = 0; path = Calculatrix.swift; sourceTree = "<group>"; xcLanguageSpecificationIdentifier = xcode.lang.swift; };
		CE0B454D1B0EA558002ACC0E /* Cartesiano.swift */ = {isa = PBXFileReference; fileEncoding = 4; lastKnownFileType = sourcecode.swift; path = Cartesiano.swift; sourceTree = "<group>"; };
		CE5889FC1B0EA7D700FB1DC4 /* Calculatrix.playground */ = {isa = PBXFileReference; lastKnownFileType = file.playground; path = Calculatrix.playground; sourceTree = "<group>"; };
		CE5889FD1B0EA85A00FB1DC4 /* Graphic.swift */ = {isa = PBXFileReference; fileEncoding = 4; lastKnownFileType = sourcecode.swift; path = Graphic.swift; sourceTree = "<group>"; };
		CE5889FF1B0EA89600FB1DC4 /* GraphicControl.swift */ = {isa = PBXFileReference; fileEncoding = 4; lastKnownFileType = sourcecode.swift; lineEnding = 0; path = GraphicControl.swift; sourceTree = "<group>"; xcLanguageSpecificationIdentifier = xcode.lang.swift; };
		CEA0D68D1AD8EBA1005BF06F /* Calculatrix.app */ = {isa = PBXFileReference; explicitFileType = wrapper.application; includeInIndex = 0; path = Calculatrix.app; sourceTree = BUILT_PRODUCTS_DIR; };
		CEA0D6911AD8EBA1005BF06F /* Info.plist */ = {isa = PBXFileReference; lastKnownFileType = text.plist.xml; path = Info.plist; sourceTree = "<group>"; };
		CEA0D6921AD8EBA1005BF06F /* AppDelegate.swift */ = {isa = PBXFileReference; lastKnownFileType = sourcecode.swift; path = AppDelegate.swift; sourceTree = "<group>"; };
		CEA0D6941AD8EBA1005BF06F /* ViewController.swift */ = {isa = PBXFileReference; lastKnownFileType = sourcecode.swift; path = ViewController.swift; sourceTree = "<group>"; };
		CEA0D6971AD8EBA1005BF06F /* Base */ = {isa = PBXFileReference; lastKnownFileType = file.storyboard; name = Base; path = Base.lproj/Main.storyboard; sourceTree = "<group>"; };
		CEA0D6991AD8EBA1005BF06F /* Images.xcassets */ = {isa = PBXFileReference; lastKnownFileType = folder.assetcatalog; path = Images.xcassets; sourceTree = "<group>"; };
		CEA0D69C1AD8EBA1005BF06F /* Base */ = {isa = PBXFileReference; lastKnownFileType = file.xib; name = Base; path = Base.lproj/LaunchScreen.xib; sourceTree = "<group>"; };
		CEA0D6A21AD8EBA1005BF06F /* CalculatrixTests.xctest */ = {isa = PBXFileReference; explicitFileType = wrapper.cfbundle; includeInIndex = 0; path = CalculatrixTests.xctest; sourceTree = BUILT_PRODUCTS_DIR; };
		CEA0D6A71AD8EBA1005BF06F /* Info.plist */ = {isa = PBXFileReference; lastKnownFileType = text.plist.xml; path = Info.plist; sourceTree = "<group>"; };
		CEA0D6A81AD8EBA1005BF06F /* CalculatrixTests.swift */ = {isa = PBXFileReference; lastKnownFileType = sourcecode.swift; path = CalculatrixTests.swift; sourceTree = "<group>"; };
/* End PBXFileReference section */

/* Begin PBXFrameworksBuildPhase section */
		CEA0D68A1AD8EBA1005BF06F /* Frameworks */ = {
			isa = PBXFrameworksBuildPhase;
			buildActionMask = 2147483647;
			files = (
			);
			runOnlyForDeploymentPostprocessing = 0;
		};
		CEA0D69F1AD8EBA1005BF06F /* Frameworks */ = {
			isa = PBXFrameworksBuildPhase;
			buildActionMask = 2147483647;
			files = (
			);
			runOnlyForDeploymentPostprocessing = 0;
		};
/* End PBXFrameworksBuildPhase section */

/* Begin PBXGroup section */
		CEA0D6841AD8EBA1005BF06F = {
			isa = PBXGroup;
			children = (
				CEA0D68F1AD8EBA1005BF06F /* Calculatrix */,
				CEA0D6A51AD8EBA1005BF06F /* CalculatrixTests */,
				CEA0D68E1AD8EBA1005BF06F /* Products */,
			);
			sourceTree = "<group>";
		};
		CEA0D68E1AD8EBA1005BF06F /* Products */ = {
			isa = PBXGroup;
			children = (
				CEA0D68D1AD8EBA1005BF06F /* Calculatrix.app */,
				CEA0D6A21AD8EBA1005BF06F /* CalculatrixTests.xctest */,
			);
			name = Products;
			sourceTree = "<group>";
		};
		CEA0D68F1AD8EBA1005BF06F /* Calculatrix */ = {
			isa = PBXGroup;
			children = (
				CEA0D6921AD8EBA1005BF06F /* AppDelegate.swift */,
				CEA0D6941AD8EBA1005BF06F /* ViewController.swift */,
				B22DD3A21AFD3FD4000B642B /* Calculatrix.swift */,
				CEA0D6961AD8EBA1005BF06F /* Main.storyboard */,
				CEA0D6991AD8EBA1005BF06F /* Images.xcassets */,
				CEA0D69B1AD8EBA1005BF06F /* LaunchScreen.xib */,
				CEA0D6901AD8EBA1005BF06F /* Supporting Files */,
				CE0B454D1B0EA558002ACC0E /* Cartesiano.swift */,
				CE5889FC1B0EA7D700FB1DC4 /* Calculatrix.playground */,
				CE5889FD1B0EA85A00FB1DC4 /* Graphic.swift */,
				CE5889FF1B0EA89600FB1DC4 /* GraphicControl.swift */,
			);
			path = Calculatrix;
			sourceTree = "<group>";
		};
		CEA0D6901AD8EBA1005BF06F /* Supporting Files */ = {
			isa = PBXGroup;
			children = (
				CEA0D6911AD8EBA1005BF06F /* Info.plist */,
			);
			name = "Supporting Files";
			sourceTree = "<group>";
		};
		CEA0D6A51AD8EBA1005BF06F /* CalculatrixTests */ = {
			isa = PBXGroup;
			children = (
				CEA0D6A81AD8EBA1005BF06F /* CalculatrixTests.swift */,
				CEA0D6A61AD8EBA1005BF06F /* Supporting Files */,
			);
			path = CalculatrixTests;
			sourceTree = "<group>";
		};
		CEA0D6A61AD8EBA1005BF06F /* Supporting Files */ = {
			isa = PBXGroup;
			children = (
				CEA0D6A71AD8EBA1005BF06F /* Info.plist */,
			);
			name = "Supporting Files";
			sourceTree = "<group>";
		};
/* End PBXGroup section */

/* Begin PBXNativeTarget section */
		CEA0D68C1AD8EBA1005BF06F /* Calculatrix */ = {
			isa = PBXNativeTarget;
			buildConfigurationList = CEA0D6AC1AD8EBA1005BF06F /* Build configuration list for PBXNativeTarget "Calculatrix" */;
			buildPhases = (
				CEA0D6891AD8EBA1005BF06F /* Sources */,
				CEA0D68A1AD8EBA1005BF06F /* Frameworks */,
				CEA0D68B1AD8EBA1005BF06F /* Resources */,
			);
			buildRules = (
			);
			dependencies = (
			);
			name = Calculatrix;
			productName = Calculatrix;
			productReference = CEA0D68D1AD8EBA1005BF06F /* Calculatrix.app */;
			productType = "com.apple.product-type.application";
		};
		CEA0D6A11AD8EBA1005BF06F /* CalculatrixTests */ = {
			isa = PBXNativeTarget;
			buildConfigurationList = CEA0D6AF1AD8EBA1005BF06F /* Build configuration list for PBXNativeTarget "CalculatrixTests" */;
			buildPhases = (
				CEA0D69E1AD8EBA1005BF06F /* Sources */,
				CEA0D69F1AD8EBA1005BF06F /* Frameworks */,
				CEA0D6A01AD8EBA1005BF06F /* Resources */,
			);
			buildRules = (
			);
			dependencies = (
				CEA0D6A41AD8EBA1005BF06F /* PBXTargetDependency */,
			);
			name = CalculatrixTests;
			productName = CalculatrixTests;
			productReference = CEA0D6A21AD8EBA1005BF06F /* CalculatrixTests.xctest */;
			productType = "com.apple.product-type.bundle.unit-test";
		};
/* End PBXNativeTarget section */

/* Begin PBXProject section */
		CEA0D6851AD8EBA1005BF06F /* Project object */ = {
			isa = PBXProject;
			attributes = {
				LastUpgradeCheck = 0630;
				ORGANIZATIONNAME = "Leo Neves";
				TargetAttributes = {
					CEA0D68C1AD8EBA1005BF06F = {
						CreatedOnToolsVersion = 6.3;
					};
					CEA0D6A11AD8EBA1005BF06F = {
						CreatedOnToolsVersion = 6.3;
						TestTargetID = CEA0D68C1AD8EBA1005BF06F;
					};
				};
			};
			buildConfigurationList = CEA0D6881AD8EBA1005BF06F /* Build configuration list for PBXProject "Calculatrix" */;
			compatibilityVersion = "Xcode 3.2";
			developmentRegion = English;
			hasScannedForEncodings = 0;
			knownRegions = (
				en,
				Base,
			);
			mainGroup = CEA0D6841AD8EBA1005BF06F;
			productRefGroup = CEA0D68E1AD8EBA1005BF06F /* Products */;
			projectDirPath = "";
			projectRoot = "";
			targets = (
				CEA0D68C1AD8EBA1005BF06F /* Calculatrix */,
				CEA0D6A11AD8EBA1005BF06F /* CalculatrixTests */,
			);
		};
/* End PBXProject section */

/* Begin PBXResourcesBuildPhase section */
		CEA0D68B1AD8EBA1005BF06F /* Resources */ = {
			isa = PBXResourcesBuildPhase;
			buildActionMask = 2147483647;
			files = (
				CEA0D6981AD8EBA1005BF06F /* Main.storyboard in Resources */,
				CEA0D69D1AD8EBA1005BF06F /* LaunchScreen.xib in Resources */,
				CEA0D69A1AD8EBA1005BF06F /* Images.xcassets in Resources */,
			);
			runOnlyForDeploymentPostprocessing = 0;
		};
		CEA0D6A01AD8EBA1005BF06F /* Resources */ = {
			isa = PBXResourcesBuildPhase;
			buildActionMask = 2147483647;
			files = (
			);
			runOnlyForDeploymentPostprocessing = 0;
		};
/* End PBXResourcesBuildPhase section */

/* Begin PBXSourcesBuildPhase section */
		CEA0D6891AD8EBA1005BF06F /* Sources */ = {
			isa = PBXSourcesBuildPhase;
			buildActionMask = 2147483647;
			files = (
				CE0B454E1B0EA558002ACC0E /* Cartesiano.swift in Sources */,
				B22DD3A31AFD3FD4000B642B /* Calculatrix.swift in Sources */,
				CE5889FE1B0EA85A00FB1DC4 /* Graphic.swift in Sources */,
				CEA0D6951AD8EBA1005BF06F /* ViewController.swift in Sources */,
				CE588A001B0EA89600FB1DC4 /* GraphicControl.swift in Sources */,
				CEA0D6931AD8EBA1005BF06F /* AppDelegate.swift in Sources */,
			);
			runOnlyForDeploymentPostprocessing = 0;
		};
		CEA0D69E1AD8EBA1005BF06F /* Sources */ = {
			isa = PBXSourcesBuildPhase;
			buildActionMask = 2147483647;
			files = (
				CEA0D6A91AD8EBA1005BF06F /* CalculatrixTests.swift in Sources */,
			);
			runOnlyForDeploymentPostprocessing = 0;
		};
/* End PBXSourcesBuildPhase section */

/* Begin PBXTargetDependency section */
		CEA0D6A41AD8EBA1005BF06F /* PBXTargetDependency */ = {
			isa = PBXTargetDependency;
			target = CEA0D68C1AD8EBA1005BF06F /* Calculatrix */;
			targetProxy = CEA0D6A31AD8EBA1005BF06F /* PBXContainerItemProxy */;
		};
/* End PBXTargetDependency section */

/* Begin PBXVariantGroup section */
		CEA0D6961AD8EBA1005BF06F /* Main.storyboard */ = {
			isa = PBXVariantGroup;
			children = (
				CEA0D6971AD8EBA1005BF06F /* Base */,
			);
			name = Main.storyboard;
			sourceTree = "<group>";
		};
		CEA0D69B1AD8EBA1005BF06F /* LaunchScreen.xib */ = {
			isa = PBXVariantGroup;
			children = (
				CEA0D69C1AD8EBA1005BF06F /* Base */,
			);
			name = LaunchScreen.xib;
			sourceTree = "<group>";
		};
/* End PBXVariantGroup section */

/* Begin XCBuildConfiguration section */
		CEA0D6AA1AD8EBA1005BF06F /* Debug */ = {
			isa = XCBuildConfiguration;
			buildSettings = {
				ALWAYS_SEARCH_USER_PATHS = NO;
				CLANG_CXX_LANGUAGE_STANDARD = "gnu++0x";
				CLANG_CXX_LIBRARY = "libc++";
				CLANG_ENABLE_MODULES = YES;
				CLANG_ENABLE_OBJC_ARC = YES;
				CLANG_WARN_BOOL_CONVERSION = YES;
				CLANG_WARN_CONSTANT_CONVERSION = YES;
				CLANG_WARN_DIRECT_OBJC_ISA_USAGE = YES_ERROR;
				CLANG_WARN_EMPTY_BODY = YES;
				CLANG_WARN_ENUM_CONVERSION = YES;
				CLANG_WARN_INT_CONVERSION = YES;
				CLANG_WARN_OBJC_ROOT_CLASS = YES_ERROR;
				CLANG_WARN_UNREACHABLE_CODE = YES;
				CLANG_WARN__DUPLICATE_METHOD_MATCH = YES;
				"CODE_SIGN_IDENTITY[sdk=iphoneos*]" = "iPhone Developer";
				COPY_PHASE_STRIP = NO;
				DEBUG_INFORMATION_FORMAT = "dwarf-with-dsym";
				ENABLE_STRICT_OBJC_MSGSEND = YES;
				GCC_C_LANGUAGE_STANDARD = gnu99;
				GCC_DYNAMIC_NO_PIC = NO;
				GCC_NO_COMMON_BLOCKS = YES;
				GCC_OPTIMIZATION_LEVEL = 0;
				GCC_PREPROCESSOR_DEFINITIONS = (
					"DEBUG=1",
					"$(inherited)",
				);
				GCC_SYMBOLS_PRIVATE_EXTERN = NO;
				GCC_WARN_64_TO_32_BIT_CONVERSION = YES;
				GCC_WARN_ABOUT_RETURN_TYPE = YES_ERROR;
				GCC_WARN_UNDECLARED_SELECTOR = YES;
				GCC_WARN_UNINITIALIZED_AUTOS = YES_AGGRESSIVE;
				GCC_WARN_UNUSED_FUNCTION = YES;
				GCC_WARN_UNUSED_VARIABLE = YES;
				IPHONEOS_DEPLOYMENT_TARGET = 8.3;
				MTL_ENABLE_DEBUG_INFO = YES;
				ONLY_ACTIVE_ARCH = YES;
				SDKROOT = iphoneos;
				SWIFT_OPTIMIZATION_LEVEL = "-Onone";
				TARGETED_DEVICE_FAMILY = "1,2";
			};
			name = Debug;
		};
		CEA0D6AB1AD8EBA1005BF06F /* Release */ = {
			isa = XCBuildConfiguration;
			buildSettings = {
				ALWAYS_SEARCH_USER_PATHS = NO;
				CLANG_CXX_LANGUAGE_STANDARD = "gnu++0x";
				CLANG_CXX_LIBRARY = "libc++";
				CLANG_ENABLE_MODULES = YES;
				CLANG_ENABLE_OBJC_ARC = YES;
				CLANG_WARN_BOOL_CONVERSION = YES;
				CLANG_WARN_CONSTANT_CONVERSION = YES;
				CLANG_WARN_DIRECT_OBJC_ISA_USAGE = YES_ERROR;
				CLANG_WARN_EMPTY_BODY = YES;
				CLANG_WARN_ENUM_CONVERSION = YES;
				CLANG_WARN_INT_CONVERSION = YES;
				CLANG_WARN_OBJC_ROOT_CLASS = YES_ERROR;
				CLANG_WARN_UNREACHABLE_CODE = YES;
				CLANG_WARN__DUPLICATE_METHOD_MATCH = YES;
				"CODE_SIGN_IDENTITY[sdk=iphoneos*]" = "iPhone Developer";
				COPY_PHASE_STRIP = NO;
				DEBUG_INFORMATION_FORMAT = "dwarf-with-dsym";
				ENABLE_NS_ASSERTIONS = NO;
				ENABLE_STRICT_OBJC_MSGSEND = YES;
				GCC_C_LANGUAGE_STANDARD = gnu99;
				GCC_NO_COMMON_BLOCKS = YES;
				GCC_WARN_64_TO_32_BIT_CONVERSION = YES;
				GCC_WARN_ABOUT_RETURN_TYPE = YES_ERROR;
				GCC_WARN_UNDECLARED_SELECTOR = YES;
				GCC_WARN_UNINITIALIZED_AUTOS = YES_AGGRESSIVE;
				GCC_WARN_UNUSED_FUNCTION = YES;
				GCC_WARN_UNUSED_VARIABLE = YES;
				IPHONEOS_DEPLOYMENT_TARGET = 8.3;
				MTL_ENABLE_DEBUG_INFO = NO;
				SDKROOT = iphoneos;
				TARGETED_DEVICE_FAMILY = "1,2";
				VALIDATE_PRODUCT = YES;
			};
			name = Release;
		};
		CEA0D6AD1AD8EBA1005BF06F /* Debug */ = {
			isa = XCBuildConfiguration;
			buildSettings = {
				ASSETCATALOG_COMPILER_APPICON_NAME = AppIcon;
				INFOPLIST_FILE = Calculatrix/Info.plist;
				IPHONEOS_DEPLOYMENT_TARGET = 8.0;
				LD_RUNPATH_SEARCH_PATHS = "$(inherited) @executable_path/Frameworks";
				PRODUCT_NAME = "$(TARGET_NAME)";
			};
			name = Debug;
		};
		CEA0D6AE1AD8EBA1005BF06F /* Release */ = {
			isa = XCBuildConfiguration;
			buildSettings = {
				ASSETCATALOG_COMPILER_APPICON_NAME = AppIcon;
				INFOPLIST_FILE = Calculatrix/Info.plist;
				IPHONEOS_DEPLOYMENT_TARGET = 8.0;
				LD_RUNPATH_SEARCH_PATHS = "$(inherited) @executable_path/Frameworks";
				PRODUCT_NAME = "$(TARGET_NAME)";
			};
			name = Release;
		};
		CEA0D6B01AD8EBA1005BF06F /* Debug */ = {
			isa = XCBuildConfiguration;
			buildSettings = {
				BUNDLE_LOADER = "$(TEST_HOST)";
				FRAMEWORK_SEARCH_PATHS = (
					"$(SDKROOT)/Developer/Library/Frameworks",
					"$(inherited)",
				);
				GCC_PREPROCESSOR_DEFINITIONS = (
					"DEBUG=1",
					"$(inherited)",
				);
				INFOPLIST_FILE = CalculatrixTests/Info.plist;
				LD_RUNPATH_SEARCH_PATHS = "$(inherited) @executable_path/Frameworks @loader_path/Frameworks";
				PRODUCT_NAME = "$(TARGET_NAME)";
				TEST_HOST = "$(BUILT_PRODUCTS_DIR)/Calculatrix.app/Calculatrix";
			};
			name = Debug;
		};
		CEA0D6B11AD8EBA1005BF06F /* Release */ = {
			isa = XCBuildConfiguration;
			buildSettings = {
				BUNDLE_LOADER = "$(TEST_HOST)";
				FRAMEWORK_SEARCH_PATHS = (
					"$(SDKROOT)/Developer/Library/Frameworks",
					"$(inherited)",
				);
				INFOPLIST_FILE = CalculatrixTests/Info.plist;
				LD_RUNPATH_SEARCH_PATHS = "$(inherited) @executable_path/Frameworks @loader_path/Frameworks";
				PRODUCT_NAME = "$(TARGET_NAME)";
				TEST_HOST = "$(BUILT_PRODUCTS_DIR)/Calculatrix.app/Calculatrix";
			};
			name = Release;
		};
/* End XCBuildConfiguration section */

/* Begin XCConfigurationList section */
		CEA0D6881AD8EBA1005BF06F /* Build configuration list for PBXProject "Calculatrix" */ = {
			isa = XCConfigurationList;
			buildConfigurations = (
				CEA0D6AA1AD8EBA1005BF06F /* Debug */,
				CEA0D6AB1AD8EBA1005BF06F /* Release */,
			);
			defaultConfigurationIsVisible = 0;
			defaultConfigurationName = Release;
		};
		CEA0D6AC1AD8EBA1005BF06F /* Build configuration list for PBXNativeTarget "Calculatrix" */ = {
			isa = XCConfigurationList;
			buildConfigurations = (
				CEA0D6AD1AD8EBA1005BF06F /* Debug */,
				CEA0D6AE1AD8EBA1005BF06F /* Release */,
			);
			defaultConfigurationIsVisible = 0;
			defaultConfigurationName = Release;
		};
		CEA0D6AF1AD8EBA1005BF06F /* Build configuration list for PBXNativeTarget "CalculatrixTests" */ = {
			isa = XCConfigurationList;
			buildConfigurations = (
				CEA0D6B01AD8EBA1005BF06F /* Debug */,
				CEA0D6B11AD8EBA1005BF06F /* Release */,
			);
			defaultConfigurationIsVisible = 0;
			defaultConfigurationName = Release;
		};
/* End XCConfigurationList section */
	};
	rootObject = CEA0D6851AD8EBA1005BF06F /* Project object */;
}
